
Microsoft Visual Studio Solution File, Format Version 12.00
# Visual Studio Version 16
VisualStudioVersion = 16.0.30907.101
MinimumVisualStudioVersion = 10.0.40219.1
Project("{FAE04EC0-301F-11D3-BF4B-00C04F79EFBC}") = "WebPracFacbeookLoginPage", "WebPracFacbeookLoginPage\WebPracFacbeookLoginPage.csproj", "{5A467617-66FE-4254-987D-88DD35E14692}"
EndProject
Global
	GlobalSection(SolutionConfigurationPlatforms) = preSolution
		Debug|Any CPU = Debug|Any CPU
		Release|Any CPU = Release|Any CPU
	EndGlobalSection
	GlobalSection(ProjectConfigurationPlatforms) = postSolution
		{5A467617-66FE-4254-987D-88DD35E14692}.Debug|Any CPU.ActiveCfg = Debug|Any CPU
		{5A467617-66FE-4254-987D-88DD35E14692}.Debug|Any CPU.Build.0 = Debug|Any CPU
		{5A467617-66FE-4254-987D-88DD35E14692}.Release|Any CPU.ActiveCfg = Release|Any CPU
		{5A467617-66FE-4254-987D-88DD35E14692}.Release|Any CPU.Build.0 = Release|Any CPU
	EndGlobalSection
	GlobalSection(SolutionProperties) = preSolution
		HideSolutionNode = FALSE
	EndGlobalSection
	GlobalSection(ExtensibilityGlobals) = postSolution
		SolutionGuid = {FF857339-CFB8-4970-AE7B-21B3530D3CB3}
	EndGlobalSection
EndGlobal
