
Microsoft Visual Studio Solution File, Format Version 12.00
# Visual Studio Version 16
VisualStudioVersion = 16.0.30907.101
MinimumVisualStudioVersion = 10.0.40219.1
Project("{FAE04EC0-301F-11D3-BF4B-00C04F79EFBC}") = "WebPrac4", "WebPrac4\WebPrac4.csproj", "{5FA68C4D-4BD6-4B68-896A-195CE0C339EB}"
EndProject
Global
	GlobalSection(SolutionConfigurationPlatforms) = preSolution
		Debug|Any CPU = Debug|Any CPU
		Release|Any CPU = Release|Any CPU
	EndGlobalSection
	GlobalSection(ProjectConfigurationPlatforms) = postSolution
		{5FA68C4D-4BD6-4B68-896A-195CE0C339EB}.Debug|Any CPU.ActiveCfg = Debug|Any CPU
		{5FA68C4D-4BD6-4B68-896A-195CE0C339EB}.Debug|Any CPU.Build.0 = Debug|Any CPU
		{5FA68C4D-4BD6-4B68-896A-195CE0C339EB}.Release|Any CPU.ActiveCfg = Release|Any CPU
		{5FA68C4D-4BD6-4B68-896A-195CE0C339EB}.Release|Any CPU.Build.0 = Release|Any CPU
	EndGlobalSection
	GlobalSection(SolutionProperties) = preSolution
		HideSolutionNode = FALSE
	EndGlobalSection
	GlobalSection(ExtensibilityGlobals) = postSolution
		SolutionGuid = {3E929BB9-C856-44D7-A5E5-613BF8DD5434}
	EndGlobalSection
EndGlobal
