
Microsoft Visual Studio Solution File, Format Version 12.00
# Visual Studio Version 16
VisualStudioVersion = 16.0.30907.101
MinimumVisualStudioVersion = 10.0.40219.1
Project("{FAE04EC0-301F-11D3-BF4B-00C04F79EFBC}") = "DirPractice", "DirPractice\DirPractice.csproj", "{87B87635-49F6-4115-91EE-70E4FD58AE0A}"
EndProject
Global
	GlobalSection(SolutionConfigurationPlatforms) = preSolution
		Debug|Any CPU = Debug|Any CPU
		Release|Any CPU = Release|Any CPU
	EndGlobalSection
	GlobalSection(ProjectConfigurationPlatforms) = postSolution
		{87B87635-49F6-4115-91EE-70E4FD58AE0A}.Debug|Any CPU.ActiveCfg = Debug|Any CPU
		{87B87635-49F6-4115-91EE-70E4FD58AE0A}.Debug|Any CPU.Build.0 = Debug|Any CPU
		{87B87635-49F6-4115-91EE-70E4FD58AE0A}.Release|Any CPU.ActiveCfg = Release|Any CPU
		{87B87635-49F6-4115-91EE-70E4FD58AE0A}.Release|Any CPU.Build.0 = Release|Any CPU
	EndGlobalSection
	GlobalSection(SolutionProperties) = preSolution
		HideSolutionNode = FALSE
	EndGlobalSection
	GlobalSection(ExtensibilityGlobals) = postSolution
		SolutionGuid = {D295DBE0-E9E6-4479-B830-6F85A8FEDD01}
	EndGlobalSection
EndGlobal
