
Microsoft Visual Studio Solution File, Format Version 12.00
# Visual Studio Version 16
VisualStudioVersion = 16.0.31025.194
MinimumVisualStudioVersion = 10.0.40219.1
Project("{FAE04EC0-301F-11D3-BF4B-00C04F79EFBC}") = "StudentAndCoursesViewModel", "StudentAndCoursesViewModel.csproj", "{B3D7E1DA-B0DD-4134-976F-5875D152DF1C}"
EndProject
Global
	GlobalSection(SolutionConfigurationPlatforms) = preSolution
		Debug|Any CPU = Debug|Any CPU
		Release|Any CPU = Release|Any CPU
	EndGlobalSection
	GlobalSection(ProjectConfigurationPlatforms) = postSolution
		{B3D7E1DA-B0DD-4134-976F-5875D152DF1C}.Debug|Any CPU.ActiveCfg = Debug|Any CPU
		{B3D7E1DA-B0DD-4134-976F-5875D152DF1C}.Debug|Any CPU.Build.0 = Debug|Any CPU
		{B3D7E1DA-B0DD-4134-976F-5875D152DF1C}.Release|Any CPU.ActiveCfg = Release|Any CPU
		{B3D7E1DA-B0DD-4134-976F-5875D152DF1C}.Release|Any CPU.Build.0 = Release|Any CPU
	EndGlobalSection
	GlobalSection(SolutionProperties) = preSolution
		HideSolutionNode = FALSE
	EndGlobalSection
	GlobalSection(ExtensibilityGlobals) = postSolution
		SolutionGuid = {0206A6C0-44D8-4A12-BB07-2A11B49A2E8E}
	EndGlobalSection
EndGlobal
