
Microsoft Visual Studio Solution File, Format Version 12.00
# Visual Studio Version 16
VisualStudioVersion = 16.0.30907.101
MinimumVisualStudioVersion = 10.0.40219.1
Project("{FAE04EC0-301F-11D3-BF4B-00C04F79EFBC}") = "EncryptDecryptFiles", "EncryptDecryptFiles\EncryptDecryptFiles.csproj", "{EEB79640-8EDD-45B9-86A3-031FD8157017}"
EndProject
Global
	GlobalSection(SolutionConfigurationPlatforms) = preSolution
		Debug|Any CPU = Debug|Any CPU
		Release|Any CPU = Release|Any CPU
	EndGlobalSection
	GlobalSection(ProjectConfigurationPlatforms) = postSolution
		{EEB79640-8EDD-45B9-86A3-031FD8157017}.Debug|Any CPU.ActiveCfg = Debug|Any CPU
		{EEB79640-8EDD-45B9-86A3-031FD8157017}.Debug|Any CPU.Build.0 = Debug|Any CPU
		{EEB79640-8EDD-45B9-86A3-031FD8157017}.Release|Any CPU.ActiveCfg = Release|Any CPU
		{EEB79640-8EDD-45B9-86A3-031FD8157017}.Release|Any CPU.Build.0 = Release|Any CPU
	EndGlobalSection
	GlobalSection(SolutionProperties) = preSolution
		HideSolutionNode = FALSE
	EndGlobalSection
	GlobalSection(ExtensibilityGlobals) = postSolution
		SolutionGuid = {D7DFF136-B469-48EA-8767-79AF6014E24C}
	EndGlobalSection
EndGlobal
